
Microsoft Visual Studio Solution File, Format Version 12.00
# Visual Studio Version 17
VisualStudioVersion = 17.0.31903.59
MinimumVisualStudioVersion = 10.0.40219.1
Project("{FAE04EC0-301F-11D3-BF4B-00C04F79EFBC}") = "API", "API\API.csproj", "{043281F3-CD2F-4BAC-B3F5-1A39BD5DF381}"
EndProject
Project("{FAE04EC0-301F-11D3-BF4B-00C04F79EFBC}") = "Infrastructure", "Infrastructure\Infrastructure.csproj", "{AB45256B-CF7C-4FA2-96F7-B3384924658A}"
EndProject
Project("{FAE04EC0-301F-11D3-BF4B-00C04F79EFBC}") = "Core", "Core\Core.csproj", "{A6B64DAB-3371-4252-958B-907DA34681A2}"
EndProject
Global
	GlobalSection(SolutionConfigurationPlatforms) = preSolution
		Debug|Any CPU = Debug|Any CPU
		Release|Any CPU = Release|Any CPU
	EndGlobalSection
	GlobalSection(SolutionProperties) = preSolution
		HideSolutionNode = FALSE
	EndGlobalSection
	GlobalSection(ProjectConfigurationPlatforms) = postSolution
		{043281F3-CD2F-4BAC-B3F5-1A39BD5DF381}.Debug|Any CPU.ActiveCfg = Debug|Any CPU
		{043281F3-CD2F-4BAC-B3F5-1A39BD5DF381}.Debug|Any CPU.Build.0 = Debug|Any CPU
		{043281F3-CD2F-4BAC-B3F5-1A39BD5DF381}.Release|Any CPU.ActiveCfg = Release|Any CPU
		{043281F3-CD2F-4BAC-B3F5-1A39BD5DF381}.Release|Any CPU.Build.0 = Release|Any CPU
		{AB45256B-CF7C-4FA2-96F7-B3384924658A}.Debug|Any CPU.ActiveCfg = Debug|Any CPU
		{AB45256B-CF7C-4FA2-96F7-B3384924658A}.Debug|Any CPU.Build.0 = Debug|Any CPU
		{AB45256B-CF7C-4FA2-96F7-B3384924658A}.Release|Any CPU.ActiveCfg = Release|Any CPU
		{AB45256B-CF7C-4FA2-96F7-B3384924658A}.Release|Any CPU.Build.0 = Release|Any CPU
		{A6B64DAB-3371-4252-958B-907DA34681A2}.Debug|Any CPU.ActiveCfg = Debug|Any CPU
		{A6B64DAB-3371-4252-958B-907DA34681A2}.Debug|Any CPU.Build.0 = Debug|Any CPU
		{A6B64DAB-3371-4252-958B-907DA34681A2}.Release|Any CPU.ActiveCfg = Release|Any CPU
		{A6B64DAB-3371-4252-958B-907DA34681A2}.Release|Any CPU.Build.0 = Release|Any CPU
	EndGlobalSection
EndGlobal
